// !$*UTF8*$!
{
	archiveVersion = 1;
	classes = {
	};
	objectVersion = 55;
	objects = {

/* Begin PBXBuildFile section */
		2A48FC6A27F70F1E00EEE8F6 /* AppDelegate.swift in Sources */ = {isa = PBXBuildFile; fileRef = 2A48FC6927F70F1E00EEE8F6 /* AppDelegate.swift */; };
		2A48FC6C27F70F1E00EEE8F6 /* SceneDelegate.swift in Sources */ = {isa = PBXBuildFile; fileRef = 2A48FC6B27F70F1E00EEE8F6 /* SceneDelegate.swift */; };
		2A48FC6E27F70F1E00EEE8F6 /* ViewController.swift in Sources */ = {isa = PBXBuildFile; fileRef = 2A48FC6D27F70F1E00EEE8F6 /* ViewController.swift */; };
		2A48FC7127F70F1E00EEE8F6 /* Main.storyboard in Resources */ = {isa = PBXBuildFile; fileRef = 2A48FC6F27F70F1E00EEE8F6 /* Main.storyboard */; };
		2A48FC7327F70F1F00EEE8F6 /* Assets.xcassets in Resources */ = {isa = PBXBuildFile; fileRef = 2A48FC7227F70F1F00EEE8F6 /* Assets.xcassets */; };
		2A48FC7627F70F1F00EEE8F6 /* LaunchScreen.storyboard in Resources */ = {isa = PBXBuildFile; fileRef = 2A48FC7427F70F1F00EEE8F6 /* LaunchScreen.storyboard */; };
		2A48FC8127F70F1F00EEE8F6 /* CrypStockTests.swift in Sources */ = {isa = PBXBuildFile; fileRef = 2A48FC8027F70F1F00EEE8F6 /* CrypStockTests.swift */; };
		2A48FC8B27F70F1F00EEE8F6 /* CrypStockUITests.swift in Sources */ = {isa = PBXBuildFile; fileRef = 2A48FC8A27F70F1F00EEE8F6 /* CrypStockUITests.swift */; };
		2A48FC8D27F70F1F00EEE8F6 /* CrypStockUITestsLaunchTests.swift in Sources */ = {isa = PBXBuildFile; fileRef = 2A48FC8C27F70F1F00EEE8F6 /* CrypStockUITestsLaunchTests.swift */; };
		2A48FC9E27F712D300EEE8F6 /* StockWatchlistViewController.swift in Sources */ = {isa = PBXBuildFile; fileRef = 2A48FC9C27F712D300EEE8F6 /* StockWatchlistViewController.swift */; };
		2A48FC9F27F712D300EEE8F6 /* StockWatchlistViewController.xib in Resources */ = {isa = PBXBuildFile; fileRef = 2A48FC9D27F712D300EEE8F6 /* StockWatchlistViewController.xib */; };
		2A48FCA227F712ED00EEE8F6 /* StockPortfolioViewController.swift in Sources */ = {isa = PBXBuildFile; fileRef = 2A48FCA027F712ED00EEE8F6 /* StockPortfolioViewController.swift */; };
		2A48FCA327F712ED00EEE8F6 /* StockPortfolioViewController.xib in Resources */ = {isa = PBXBuildFile; fileRef = 2A48FCA127F712ED00EEE8F6 /* StockPortfolioViewController.xib */; };
		2A48FCA827F7132400EEE8F6 /* CryptoWatchlistViewController.swift in Sources */ = {isa = PBXBuildFile; fileRef = 2A48FCA627F7132400EEE8F6 /* CryptoWatchlistViewController.swift */; };
		2A48FCA927F7132400EEE8F6 /* CryptoWatchlistViewController.xib in Resources */ = {isa = PBXBuildFile; fileRef = 2A48FCA727F7132400EEE8F6 /* CryptoWatchlistViewController.xib */; };
		2A48FCAC27F7133900EEE8F6 /* CryptoPortfolioViewController.swift in Sources */ = {isa = PBXBuildFile; fileRef = 2A48FCAA27F7133900EEE8F6 /* CryptoPortfolioViewController.swift */; };
		2A48FCAD27F7133900EEE8F6 /* CryptoPortfolioViewController.xib in Resources */ = {isa = PBXBuildFile; fileRef = 2A48FCAB27F7133900EEE8F6 /* CryptoPortfolioViewController.xib */; };
		2A48FCB027F7188E00EEE8F6 /* YourAssetViewController.swift in Sources */ = {isa = PBXBuildFile; fileRef = 2A48FCAE27F7188D00EEE8F6 /* YourAssetViewController.swift */; };
		2A48FCB127F7188E00EEE8F6 /* YourAssetViewController.xib in Resources */ = {isa = PBXBuildFile; fileRef = 2A48FCAF27F7188D00EEE8F6 /* YourAssetViewController.xib */; };
		2AD69D9127FAAEF0009FD8B4 /* watchlistTableViewCell.swift in Sources */ = {isa = PBXBuildFile; fileRef = 2AD69D8F27FAAEF0009FD8B4 /* watchlistTableViewCell.swift */; };
		2AD69D9227FAAEF0009FD8B4 /* watchlistTableViewCell.xib in Resources */ = {isa = PBXBuildFile; fileRef = 2AD69D9027FAAEF0009FD8B4 /* watchlistTableViewCell.xib */; };
		2AD69D9927FABCE1009FD8B4 /* CryptoWatchlistTableViewCell.swift in Sources */ = {isa = PBXBuildFile; fileRef = 2AD69D9727FABCE1009FD8B4 /* CryptoWatchlistTableViewCell.swift */; };
		2AD69D9A27FABCE1009FD8B4 /* CryptoWatchlistTableViewCell.xib in Resources */ = {isa = PBXBuildFile; fileRef = 2AD69D9827FABCE1009FD8B4 /* CryptoWatchlistTableViewCell.xib */; };
		2AD69D9D27FAD4B9009FD8B4 /* CryptoInfoViewController.swift in Sources */ = {isa = PBXBuildFile; fileRef = 2AD69D9B27FAD4B9009FD8B4 /* CryptoInfoViewController.swift */; };
		2AD69D9E27FAD4B9009FD8B4 /* CryptoInfoViewController.xib in Resources */ = {isa = PBXBuildFile; fileRef = 2AD69D9C27FAD4B9009FD8B4 /* CryptoInfoViewController.xib */; };
		2AD69DA227FAEF56009FD8B4 /* IndicesCollectionViewCell.swift in Sources */ = {isa = PBXBuildFile; fileRef = 2AD69DA027FAEF56009FD8B4 /* IndicesCollectionViewCell.swift */; };
		2AD69DA327FAEF56009FD8B4 /* IndicesCollectionViewCell.xib in Resources */ = {isa = PBXBuildFile; fileRef = 2AD69DA127FAEF56009FD8B4 /* IndicesCollectionViewCell.xib */; };
/* End PBXBuildFile section */

/* Begin PBXContainerItemProxy section */
		2A48FC7D27F70F1F00EEE8F6 /* PBXContainerItemProxy */ = {
			isa = PBXContainerItemProxy;
			containerPortal = 2A48FC5E27F70F1E00EEE8F6 /* Project object */;
			proxyType = 1;
			remoteGlobalIDString = 2A48FC6527F70F1E00EEE8F6;
			remoteInfo = CrypStock;
		};
		2A48FC8727F70F1F00EEE8F6 /* PBXContainerItemProxy */ = {
			isa = PBXContainerItemProxy;
			containerPortal = 2A48FC5E27F70F1E00EEE8F6 /* Project object */;
			proxyType = 1;
			remoteGlobalIDString = 2A48FC6527F70F1E00EEE8F6;
			remoteInfo = CrypStock;
		};
/* End PBXContainerItemProxy section */

/* Begin PBXFileReference section */
		2A48FC6627F70F1E00EEE8F6 /* CrypStock.app */ = {isa = PBXFileReference; explicitFileType = wrapper.application; includeInIndex = 0; path = CrypStock.app; sourceTree = BUILT_PRODUCTS_DIR; };
		2A48FC6927F70F1E00EEE8F6 /* AppDelegate.swift */ = {isa = PBXFileReference; lastKnownFileType = sourcecode.swift; path = AppDelegate.swift; sourceTree = "<group>"; };
		2A48FC6B27F70F1E00EEE8F6 /* SceneDelegate.swift */ = {isa = PBXFileReference; lastKnownFileType = sourcecode.swift; path = SceneDelegate.swift; sourceTree = "<group>"; };
		2A48FC6D27F70F1E00EEE8F6 /* ViewController.swift */ = {isa = PBXFileReference; lastKnownFileType = sourcecode.swift; path = ViewController.swift; sourceTree = "<group>"; };
		2A48FC7027F70F1E00EEE8F6 /* Base */ = {isa = PBXFileReference; lastKnownFileType = file.storyboard; name = Base; path = Base.lproj/Main.storyboard; sourceTree = "<group>"; };
		2A48FC7227F70F1F00EEE8F6 /* Assets.xcassets */ = {isa = PBXFileReference; lastKnownFileType = folder.assetcatalog; path = Assets.xcassets; sourceTree = "<group>"; };
		2A48FC7527F70F1F00EEE8F6 /* Base */ = {isa = PBXFileReference; lastKnownFileType = file.storyboard; name = Base; path = Base.lproj/LaunchScreen.storyboard; sourceTree = "<group>"; };
		2A48FC7727F70F1F00EEE8F6 /* Info.plist */ = {isa = PBXFileReference; lastKnownFileType = text.plist.xml; path = Info.plist; sourceTree = "<group>"; };
		2A48FC7C27F70F1F00EEE8F6 /* CrypStockTests.xctest */ = {isa = PBXFileReference; explicitFileType = wrapper.cfbundle; includeInIndex = 0; path = CrypStockTests.xctest; sourceTree = BUILT_PRODUCTS_DIR; };
		2A48FC8027F70F1F00EEE8F6 /* CrypStockTests.swift */ = {isa = PBXFileReference; lastKnownFileType = sourcecode.swift; path = CrypStockTests.swift; sourceTree = "<group>"; };
		2A48FC8627F70F1F00EEE8F6 /* CrypStockUITests.xctest */ = {isa = PBXFileReference; explicitFileType = wrapper.cfbundle; includeInIndex = 0; path = CrypStockUITests.xctest; sourceTree = BUILT_PRODUCTS_DIR; };
		2A48FC8A27F70F1F00EEE8F6 /* CrypStockUITests.swift */ = {isa = PBXFileReference; lastKnownFileType = sourcecode.swift; path = CrypStockUITests.swift; sourceTree = "<group>"; };
		2A48FC8C27F70F1F00EEE8F6 /* CrypStockUITestsLaunchTests.swift */ = {isa = PBXFileReference; lastKnownFileType = sourcecode.swift; path = CrypStockUITestsLaunchTests.swift; sourceTree = "<group>"; };
		2A48FC9C27F712D300EEE8F6 /* StockWatchlistViewController.swift */ = {isa = PBXFileReference; lastKnownFileType = sourcecode.swift; path = StockWatchlistViewController.swift; sourceTree = "<group>"; };
		2A48FC9D27F712D300EEE8F6 /* StockWatchlistViewController.xib */ = {isa = PBXFileReference; lastKnownFileType = file.xib; path = StockWatchlistViewController.xib; sourceTree = "<group>"; };
		2A48FCA027F712ED00EEE8F6 /* StockPortfolioViewController.swift */ = {isa = PBXFileReference; lastKnownFileType = sourcecode.swift; path = StockPortfolioViewController.swift; sourceTree = "<group>"; };
		2A48FCA127F712ED00EEE8F6 /* StockPortfolioViewController.xib */ = {isa = PBXFileReference; lastKnownFileType = file.xib; path = StockPortfolioViewController.xib; sourceTree = "<group>"; };
		2A48FCA627F7132400EEE8F6 /* CryptoWatchlistViewController.swift */ = {isa = PBXFileReference; lastKnownFileType = sourcecode.swift; path = CryptoWatchlistViewController.swift; sourceTree = "<group>"; };
		2A48FCA727F7132400EEE8F6 /* CryptoWatchlistViewController.xib */ = {isa = PBXFileReference; lastKnownFileType = file.xib; path = CryptoWatchlistViewController.xib; sourceTree = "<group>"; };
		2A48FCAA27F7133900EEE8F6 /* CryptoPortfolioViewController.swift */ = {isa = PBXFileReference; lastKnownFileType = sourcecode.swift; path = CryptoPortfolioViewController.swift; sourceTree = "<group>"; };
		2A48FCAB27F7133900EEE8F6 /* CryptoPortfolioViewController.xib */ = {isa = PBXFileReference; lastKnownFileType = file.xib; path = CryptoPortfolioViewController.xib; sourceTree = "<group>"; };
		2A48FCAE27F7188D00EEE8F6 /* YourAssetViewController.swift */ = {isa = PBXFileReference; lastKnownFileType = sourcecode.swift; path = YourAssetViewController.swift; sourceTree = "<group>"; };
		2A48FCAF27F7188D00EEE8F6 /* YourAssetViewController.xib */ = {isa = PBXFileReference; lastKnownFileType = file.xib; path = YourAssetViewController.xib; sourceTree = "<group>"; };
		2AD69D8F27FAAEF0009FD8B4 /* watchlistTableViewCell.swift */ = {isa = PBXFileReference; lastKnownFileType = sourcecode.swift; path = watchlistTableViewCell.swift; sourceTree = "<group>"; };
		2AD69D9027FAAEF0009FD8B4 /* watchlistTableViewCell.xib */ = {isa = PBXFileReference; lastKnownFileType = file.xib; path = watchlistTableViewCell.xib; sourceTree = "<group>"; };
		2AD69D9727FABCE1009FD8B4 /* CryptoWatchlistTableViewCell.swift */ = {isa = PBXFileReference; lastKnownFileType = sourcecode.swift; path = CryptoWatchlistTableViewCell.swift; sourceTree = "<group>"; };
		2AD69D9827FABCE1009FD8B4 /* CryptoWatchlistTableViewCell.xib */ = {isa = PBXFileReference; lastKnownFileType = file.xib; path = CryptoWatchlistTableViewCell.xib; sourceTree = "<group>"; };
		2AD69D9B27FAD4B9009FD8B4 /* CryptoInfoViewController.swift */ = {isa = PBXFileReference; lastKnownFileType = sourcecode.swift; path = CryptoInfoViewController.swift; sourceTree = "<group>"; };
		2AD69D9C27FAD4B9009FD8B4 /* CryptoInfoViewController.xib */ = {isa = PBXFileReference; lastKnownFileType = file.xib; path = CryptoInfoViewController.xib; sourceTree = "<group>"; };
		2AD69DA027FAEF56009FD8B4 /* IndicesCollectionViewCell.swift */ = {isa = PBXFileReference; lastKnownFileType = sourcecode.swift; path = IndicesCollectionViewCell.swift; sourceTree = "<group>"; };
		2AD69DA127FAEF56009FD8B4 /* IndicesCollectionViewCell.xib */ = {isa = PBXFileReference; lastKnownFileType = file.xib; path = IndicesCollectionViewCell.xib; sourceTree = "<group>"; };
/* End PBXFileReference section */

/* Begin PBXFrameworksBuildPhase section */
		2A48FC6327F70F1E00EEE8F6 /* Frameworks */ = {
			isa = PBXFrameworksBuildPhase;
			buildActionMask = 2147483647;
			files = (
			);
			runOnlyForDeploymentPostprocessing = 0;
		};
		2A48FC7927F70F1F00EEE8F6 /* Frameworks */ = {
			isa = PBXFrameworksBuildPhase;
			buildActionMask = 2147483647;
			files = (
			);
			runOnlyForDeploymentPostprocessing = 0;
		};
		2A48FC8327F70F1F00EEE8F6 /* Frameworks */ = {
			isa = PBXFrameworksBuildPhase;
			buildActionMask = 2147483647;
			files = (
			);
			runOnlyForDeploymentPostprocessing = 0;
		};
/* End PBXFrameworksBuildPhase section */

/* Begin PBXGroup section */
		2A48FC5D27F70F1E00EEE8F6 = {
			isa = PBXGroup;
			children = (
				2A48FC6827F70F1E00EEE8F6 /* CrypStock */,
				2A48FC7F27F70F1F00EEE8F6 /* CrypStockTests */,
				2A48FC8927F70F1F00EEE8F6 /* CrypStockUITests */,
				2A48FC6727F70F1E00EEE8F6 /* Products */,
			);
			sourceTree = "<group>";
		};
		2A48FC6727F70F1E00EEE8F6 /* Products */ = {
			isa = PBXGroup;
			children = (
				2A48FC6627F70F1E00EEE8F6 /* CrypStock.app */,
				2A48FC7C27F70F1F00EEE8F6 /* CrypStockTests.xctest */,
				2A48FC8627F70F1F00EEE8F6 /* CrypStockUITests.xctest */,
			);
			name = Products;
			sourceTree = "<group>";
		};
		2A48FC6827F70F1E00EEE8F6 /* CrypStock */ = {
			isa = PBXGroup;
			children = (
				2A48FC9927F7120800EEE8F6 /* Views */,
				2A48FC6927F70F1E00EEE8F6 /* AppDelegate.swift */,
				2A48FC6B27F70F1E00EEE8F6 /* SceneDelegate.swift */,
				2A48FC6D27F70F1E00EEE8F6 /* ViewController.swift */,
				2A48FC6F27F70F1E00EEE8F6 /* Main.storyboard */,
				2A48FC7227F70F1F00EEE8F6 /* Assets.xcassets */,
				2A48FC7427F70F1F00EEE8F6 /* LaunchScreen.storyboard */,
				2A48FC7727F70F1F00EEE8F6 /* Info.plist */,
			);
			path = CrypStock;
			sourceTree = "<group>";
		};
		2A48FC7F27F70F1F00EEE8F6 /* CrypStockTests */ = {
			isa = PBXGroup;
			children = (
				2A48FC8027F70F1F00EEE8F6 /* CrypStockTests.swift */,
			);
			path = CrypStockTests;
			sourceTree = "<group>";
		};
		2A48FC8927F70F1F00EEE8F6 /* CrypStockUITests */ = {
			isa = PBXGroup;
			children = (
				2A48FC8A27F70F1F00EEE8F6 /* CrypStockUITests.swift */,
				2A48FC8C27F70F1F00EEE8F6 /* CrypStockUITestsLaunchTests.swift */,
			);
			path = CrypStockUITests;
			sourceTree = "<group>";
		};
		2A48FC9927F7120800EEE8F6 /* Views */ = {
			isa = PBXGroup;
			children = (
				2AD69D9F27FAED68009FD8B4 /* StockPortfolio */,
				2AD69D9327FABC7E009FD8B4 /* CryptoWatchlist */,
				2AD69D8E27FAAC41009FD8B4 /* StockWatchlist */,
				2A48FCAA27F7133900EEE8F6 /* CryptoPortfolioViewController.swift */,
				2A48FCAB27F7133900EEE8F6 /* CryptoPortfolioViewController.xib */,
				2A48FCAE27F7188D00EEE8F6 /* YourAssetViewController.swift */,
				2A48FCAF27F7188D00EEE8F6 /* YourAssetViewController.xib */,
			);
			path = Views;
			sourceTree = "<group>";
		};
		2AD69D8E27FAAC41009FD8B4 /* StockWatchlist */ = {
			isa = PBXGroup;
			children = (
				2A48FC9C27F712D300EEE8F6 /* StockWatchlistViewController.swift */,
				2A48FC9D27F712D300EEE8F6 /* StockWatchlistViewController.xib */,
				2AD69D8F27FAAEF0009FD8B4 /* watchlistTableViewCell.swift */,
				2AD69D9027FAAEF0009FD8B4 /* watchlistTableViewCell.xib */,
			);
			path = StockWatchlist;
			sourceTree = "<group>";
		};
		2AD69D9327FABC7E009FD8B4 /* CryptoWatchlist */ = {
			isa = PBXGroup;
			children = (
				2A48FCA627F7132400EEE8F6 /* CryptoWatchlistViewController.swift */,
				2A48FCA727F7132400EEE8F6 /* CryptoWatchlistViewController.xib */,
				2AD69D9727FABCE1009FD8B4 /* CryptoWatchlistTableViewCell.swift */,
				2AD69D9827FABCE1009FD8B4 /* CryptoWatchlistTableViewCell.xib */,
				2AD69D9B27FAD4B9009FD8B4 /* CryptoInfoViewController.swift */,
				2AD69D9C27FAD4B9009FD8B4 /* CryptoInfoViewController.xib */,
			);
			path = CryptoWatchlist;
			sourceTree = "<group>";
		};
		2AD69D9F27FAED68009FD8B4 /* StockPortfolio */ = {
			isa = PBXGroup;
			children = (
				2A48FCA027F712ED00EEE8F6 /* StockPortfolioViewController.swift */,
				2A48FCA127F712ED00EEE8F6 /* StockPortfolioViewController.xib */,
				2AD69DA027FAEF56009FD8B4 /* IndicesCollectionViewCell.swift */,
				2AD69DA127FAEF56009FD8B4 /* IndicesCollectionViewCell.xib */,
			);
			path = StockPortfolio;
			sourceTree = "<group>";
		};
/* End PBXGroup section */

/* Begin PBXNativeTarget section */
		2A48FC6527F70F1E00EEE8F6 /* CrypStock */ = {
			isa = PBXNativeTarget;
			buildConfigurationList = 2A48FC9027F70F1F00EEE8F6 /* Build configuration list for PBXNativeTarget "CrypStock" */;
			buildPhases = (
				2A48FC6227F70F1E00EEE8F6 /* Sources */,
				2A48FC6327F70F1E00EEE8F6 /* Frameworks */,
				2A48FC6427F70F1E00EEE8F6 /* Resources */,
			);
			buildRules = (
			);
			dependencies = (
			);
			name = CrypStock;
			productName = CrypStock;
			productReference = 2A48FC6627F70F1E00EEE8F6 /* CrypStock.app */;
			productType = "com.apple.product-type.application";
		};
		2A48FC7B27F70F1F00EEE8F6 /* CrypStockTests */ = {
			isa = PBXNativeTarget;
			buildConfigurationList = 2A48FC9327F70F1F00EEE8F6 /* Build configuration list for PBXNativeTarget "CrypStockTests" */;
			buildPhases = (
				2A48FC7827F70F1F00EEE8F6 /* Sources */,
				2A48FC7927F70F1F00EEE8F6 /* Frameworks */,
				2A48FC7A27F70F1F00EEE8F6 /* Resources */,
			);
			buildRules = (
			);
			dependencies = (
				2A48FC7E27F70F1F00EEE8F6 /* PBXTargetDependency */,
			);
			name = CrypStockTests;
			productName = CrypStockTests;
			productReference = 2A48FC7C27F70F1F00EEE8F6 /* CrypStockTests.xctest */;
			productType = "com.apple.product-type.bundle.unit-test";
		};
		2A48FC8527F70F1F00EEE8F6 /* CrypStockUITests */ = {
			isa = PBXNativeTarget;
			buildConfigurationList = 2A48FC9627F70F1F00EEE8F6 /* Build configuration list for PBXNativeTarget "CrypStockUITests" */;
			buildPhases = (
				2A48FC8227F70F1F00EEE8F6 /* Sources */,
				2A48FC8327F70F1F00EEE8F6 /* Frameworks */,
				2A48FC8427F70F1F00EEE8F6 /* Resources */,
			);
			buildRules = (
			);
			dependencies = (
				2A48FC8827F70F1F00EEE8F6 /* PBXTargetDependency */,
			);
			name = CrypStockUITests;
			productName = CrypStockUITests;
			productReference = 2A48FC8627F70F1F00EEE8F6 /* CrypStockUITests.xctest */;
			productType = "com.apple.product-type.bundle.ui-testing";
		};
/* End PBXNativeTarget section */

/* Begin PBXProject section */
		2A48FC5E27F70F1E00EEE8F6 /* Project object */ = {
			isa = PBXProject;
			attributes = {
				BuildIndependentTargetsInParallel = 1;
				LastSwiftUpdateCheck = 1330;
				LastUpgradeCheck = 1330;
				TargetAttributes = {
					2A48FC6527F70F1E00EEE8F6 = {
						CreatedOnToolsVersion = 13.3;
					};
					2A48FC7B27F70F1F00EEE8F6 = {
						CreatedOnToolsVersion = 13.3;
						TestTargetID = 2A48FC6527F70F1E00EEE8F6;
					};
					2A48FC8527F70F1F00EEE8F6 = {
						CreatedOnToolsVersion = 13.3;
						TestTargetID = 2A48FC6527F70F1E00EEE8F6;
					};
				};
			};
			buildConfigurationList = 2A48FC6127F70F1E00EEE8F6 /* Build configuration list for PBXProject "CrypStock" */;
			compatibilityVersion = "Xcode 13.0";
			developmentRegion = en;
			hasScannedForEncodings = 0;
			knownRegions = (
				en,
				Base,
			);
			mainGroup = 2A48FC5D27F70F1E00EEE8F6;
			productRefGroup = 2A48FC6727F70F1E00EEE8F6 /* Products */;
			projectDirPath = "";
			projectRoot = "";
			targets = (
				2A48FC6527F70F1E00EEE8F6 /* CrypStock */,
				2A48FC7B27F70F1F00EEE8F6 /* CrypStockTests */,
				2A48FC8527F70F1F00EEE8F6 /* CrypStockUITests */,
			);
		};
/* End PBXProject section */

/* Begin PBXResourcesBuildPhase section */
		2A48FC6427F70F1E00EEE8F6 /* Resources */ = {
			isa = PBXResourcesBuildPhase;
			buildActionMask = 2147483647;
			files = (
				2AD69D9A27FABCE1009FD8B4 /* CryptoWatchlistTableViewCell.xib in Resources */,
				2AD69D9E27FAD4B9009FD8B4 /* CryptoInfoViewController.xib in Resources */,
				2A48FCA327F712ED00EEE8F6 /* StockPortfolioViewController.xib in Resources */,
				2A48FCA927F7132400EEE8F6 /* CryptoWatchlistViewController.xib in Resources */,
				2AD69DA327FAEF56009FD8B4 /* IndicesCollectionViewCell.xib in Resources */,
				2A48FCB127F7188E00EEE8F6 /* YourAssetViewController.xib in Resources */,
				2A48FC7627F70F1F00EEE8F6 /* LaunchScreen.storyboard in Resources */,
				2AD69D9227FAAEF0009FD8B4 /* watchlistTableViewCell.xib in Resources */,
				2A48FC7327F70F1F00EEE8F6 /* Assets.xcassets in Resources */,
				2A48FCAD27F7133900EEE8F6 /* CryptoPortfolioViewController.xib in Resources */,
				2A48FC9F27F712D300EEE8F6 /* StockWatchlistViewController.xib in Resources */,
				2A48FC7127F70F1E00EEE8F6 /* Main.storyboard in Resources */,
			);
			runOnlyForDeploymentPostprocessing = 0;
		};
		2A48FC7A27F70F1F00EEE8F6 /* Resources */ = {
			isa = PBXResourcesBuildPhase;
			buildActionMask = 2147483647;
			files = (
			);
			runOnlyForDeploymentPostprocessing = 0;
		};
		2A48FC8427F70F1F00EEE8F6 /* Resources */ = {
			isa = PBXResourcesBuildPhase;
			buildActionMask = 2147483647;
			files = (
			);
			runOnlyForDeploymentPostprocessing = 0;
		};
/* End PBXResourcesBuildPhase section */

/* Begin PBXSourcesBuildPhase section */
		2A48FC6227F70F1E00EEE8F6 /* Sources */ = {
			isa = PBXSourcesBuildPhase;
			buildActionMask = 2147483647;
			files = (
				2A48FC6E27F70F1E00EEE8F6 /* ViewController.swift in Sources */,
				2A48FC6A27F70F1E00EEE8F6 /* AppDelegate.swift in Sources */,
				2AD69D9127FAAEF0009FD8B4 /* watchlistTableViewCell.swift in Sources */,
				2A48FCAC27F7133900EEE8F6 /* CryptoPortfolioViewController.swift in Sources */,
				2AD69D9D27FAD4B9009FD8B4 /* CryptoInfoViewController.swift in Sources */,
				2AD69D9927FABCE1009FD8B4 /* CryptoWatchlistTableViewCell.swift in Sources */,
				2A48FC6C27F70F1E00EEE8F6 /* SceneDelegate.swift in Sources */,
				2A48FCA827F7132400EEE8F6 /* CryptoWatchlistViewController.swift in Sources */,
				2AD69DA227FAEF56009FD8B4 /* IndicesCollectionViewCell.swift in Sources */,
				2A48FCA227F712ED00EEE8F6 /* StockPortfolioViewController.swift in Sources */,
				2A48FCB027F7188E00EEE8F6 /* YourAssetViewController.swift in Sources */,
				2A48FC9E27F712D300EEE8F6 /* StockWatchlistViewController.swift in Sources */,
			);
			runOnlyForDeploymentPostprocessing = 0;
		};
		2A48FC7827F70F1F00EEE8F6 /* Sources */ = {
			isa = PBXSourcesBuildPhase;
			buildActionMask = 2147483647;
			files = (
				2A48FC8127F70F1F00EEE8F6 /* CrypStockTests.swift in Sources */,
			);
			runOnlyForDeploymentPostprocessing = 0;
		};
		2A48FC8227F70F1F00EEE8F6 /* Sources */ = {
			isa = PBXSourcesBuildPhase;
			buildActionMask = 2147483647;
			files = (
				2A48FC8B27F70F1F00EEE8F6 /* CrypStockUITests.swift in Sources */,
				2A48FC8D27F70F1F00EEE8F6 /* CrypStockUITestsLaunchTests.swift in Sources */,
			);
			runOnlyForDeploymentPostprocessing = 0;
		};
/* End PBXSourcesBuildPhase section */

/* Begin PBXTargetDependency section */
		2A48FC7E27F70F1F00EEE8F6 /* PBXTargetDependency */ = {
			isa = PBXTargetDependency;
			target = 2A48FC6527F70F1E00EEE8F6 /* CrypStock */;
			targetProxy = 2A48FC7D27F70F1F00EEE8F6 /* PBXContainerItemProxy */;
		};
		2A48FC8827F70F1F00EEE8F6 /* PBXTargetDependency */ = {
			isa = PBXTargetDependency;
			target = 2A48FC6527F70F1E00EEE8F6 /* CrypStock */;
			targetProxy = 2A48FC8727F70F1F00EEE8F6 /* PBXContainerItemProxy */;
		};
/* End PBXTargetDependency section */

/* Begin PBXVariantGroup section */
		2A48FC6F27F70F1E00EEE8F6 /* Main.storyboard */ = {
			isa = PBXVariantGroup;
			children = (
				2A48FC7027F70F1E00EEE8F6 /* Base */,
			);
			name = Main.storyboard;
			sourceTree = "<group>";
		};
		2A48FC7427F70F1F00EEE8F6 /* LaunchScreen.storyboard */ = {
			isa = PBXVariantGroup;
			children = (
				2A48FC7527F70F1F00EEE8F6 /* Base */,
			);
			name = LaunchScreen.storyboard;
			sourceTree = "<group>";
		};
/* End PBXVariantGroup section */

/* Begin XCBuildConfiguration section */
		2A48FC8E27F70F1F00EEE8F6 /* Debug */ = {
			isa = XCBuildConfiguration;
			buildSettings = {
				ALWAYS_SEARCH_USER_PATHS = NO;
				CLANG_ANALYZER_NONNULL = YES;
				CLANG_ANALYZER_NUMBER_OBJECT_CONVERSION = YES_AGGRESSIVE;
				CLANG_CXX_LANGUAGE_STANDARD = "gnu++17";
				CLANG_ENABLE_MODULES = YES;
				CLANG_ENABLE_OBJC_ARC = YES;
				CLANG_ENABLE_OBJC_WEAK = YES;
				CLANG_WARN_BLOCK_CAPTURE_AUTORELEASING = YES;
				CLANG_WARN_BOOL_CONVERSION = YES;
				CLANG_WARN_COMMA = YES;
				CLANG_WARN_CONSTANT_CONVERSION = YES;
				CLANG_WARN_DEPRECATED_OBJC_IMPLEMENTATIONS = YES;
				CLANG_WARN_DIRECT_OBJC_ISA_USAGE = YES_ERROR;
				CLANG_WARN_DOCUMENTATION_COMMENTS = YES;
				CLANG_WARN_EMPTY_BODY = YES;
				CLANG_WARN_ENUM_CONVERSION = YES;
				CLANG_WARN_INFINITE_RECURSION = YES;
				CLANG_WARN_INT_CONVERSION = YES;
				CLANG_WARN_NON_LITERAL_NULL_CONVERSION = YES;
				CLANG_WARN_OBJC_IMPLICIT_RETAIN_SELF = YES;
				CLANG_WARN_OBJC_LITERAL_CONVERSION = YES;
				CLANG_WARN_OBJC_ROOT_CLASS = YES_ERROR;
				CLANG_WARN_QUOTED_INCLUDE_IN_FRAMEWORK_HEADER = YES;
				CLANG_WARN_RANGE_LOOP_ANALYSIS = YES;
				CLANG_WARN_STRICT_PROTOTYPES = YES;
				CLANG_WARN_SUSPICIOUS_MOVE = YES;
				CLANG_WARN_UNGUARDED_AVAILABILITY = YES_AGGRESSIVE;
				CLANG_WARN_UNREACHABLE_CODE = YES;
				CLANG_WARN__DUPLICATE_METHOD_MATCH = YES;
				COPY_PHASE_STRIP = NO;
				DEBUG_INFORMATION_FORMAT = dwarf;
				ENABLE_STRICT_OBJC_MSGSEND = YES;
				ENABLE_TESTABILITY = YES;
				GCC_C_LANGUAGE_STANDARD = gnu11;
				GCC_DYNAMIC_NO_PIC = NO;
				GCC_NO_COMMON_BLOCKS = YES;
				GCC_OPTIMIZATION_LEVEL = 0;
				GCC_PREPROCESSOR_DEFINITIONS = (
					"DEBUG=1",
					"$(inherited)",
				);
				GCC_WARN_64_TO_32_BIT_CONVERSION = YES;
				GCC_WARN_ABOUT_RETURN_TYPE = YES_ERROR;
				GCC_WARN_UNDECLARED_SELECTOR = YES;
				GCC_WARN_UNINITIALIZED_AUTOS = YES_AGGRESSIVE;
				GCC_WARN_UNUSED_FUNCTION = YES;
				GCC_WARN_UNUSED_VARIABLE = YES;
				IPHONEOS_DEPLOYMENT_TARGET = 15.4;
				MTL_ENABLE_DEBUG_INFO = INCLUDE_SOURCE;
				MTL_FAST_MATH = YES;
				ONLY_ACTIVE_ARCH = YES;
				SDKROOT = iphoneos;
				SWIFT_ACTIVE_COMPILATION_CONDITIONS = DEBUG;
				SWIFT_OPTIMIZATION_LEVEL = "-Onone";
			};
			name = Debug;
		};
		2A48FC8F27F70F1F00EEE8F6 /* Release */ = {
			isa = XCBuildConfiguration;
			buildSettings = {
				ALWAYS_SEARCH_USER_PATHS = NO;
				CLANG_ANALYZER_NONNULL = YES;
				CLANG_ANALYZER_NUMBER_OBJECT_CONVERSION = YES_AGGRESSIVE;
				CLANG_CXX_LANGUAGE_STANDARD = "gnu++17";
				CLANG_ENABLE_MODULES = YES;
				CLANG_ENABLE_OBJC_ARC = YES;
				CLANG_ENABLE_OBJC_WEAK = YES;
				CLANG_WARN_BLOCK_CAPTURE_AUTORELEASING = YES;
				CLANG_WARN_BOOL_CONVERSION = YES;
				CLANG_WARN_COMMA = YES;
				CLANG_WARN_CONSTANT_CONVERSION = YES;
				CLANG_WARN_DEPRECATED_OBJC_IMPLEMENTATIONS = YES;
				CLANG_WARN_DIRECT_OBJC_ISA_USAGE = YES_ERROR;
				CLANG_WARN_DOCUMENTATION_COMMENTS = YES;
				CLANG_WARN_EMPTY_BODY = YES;
				CLANG_WARN_ENUM_CONVERSION = YES;
				CLANG_WARN_INFINITE_RECURSION = YES;
				CLANG_WARN_INT_CONVERSION = YES;
				CLANG_WARN_NON_LITERAL_NULL_CONVERSION = YES;
				CLANG_WARN_OBJC_IMPLICIT_RETAIN_SELF = YES;
				CLANG_WARN_OBJC_LITERAL_CONVERSION = YES;
				CLANG_WARN_OBJC_ROOT_CLASS = YES_ERROR;
				CLANG_WARN_QUOTED_INCLUDE_IN_FRAMEWORK_HEADER = YES;
				CLANG_WARN_RANGE_LOOP_ANALYSIS = YES;
				CLANG_WARN_STRICT_PROTOTYPES = YES;
				CLANG_WARN_SUSPICIOUS_MOVE = YES;
				CLANG_WARN_UNGUARDED_AVAILABILITY = YES_AGGRESSIVE;
				CLANG_WARN_UNREACHABLE_CODE = YES;
				CLANG_WARN__DUPLICATE_METHOD_MATCH = YES;
				COPY_PHASE_STRIP = NO;
				DEBUG_INFORMATION_FORMAT = "dwarf-with-dsym";
				ENABLE_NS_ASSERTIONS = NO;
				ENABLE_STRICT_OBJC_MSGSEND = YES;
				GCC_C_LANGUAGE_STANDARD = gnu11;
				GCC_NO_COMMON_BLOCKS = YES;
				GCC_WARN_64_TO_32_BIT_CONVERSION = YES;
				GCC_WARN_ABOUT_RETURN_TYPE = YES_ERROR;
				GCC_WARN_UNDECLARED_SELECTOR = YES;
				GCC_WARN_UNINITIALIZED_AUTOS = YES_AGGRESSIVE;
				GCC_WARN_UNUSED_FUNCTION = YES;
				GCC_WARN_UNUSED_VARIABLE = YES;
				IPHONEOS_DEPLOYMENT_TARGET = 15.4;
				MTL_ENABLE_DEBUG_INFO = NO;
				MTL_FAST_MATH = YES;
				SDKROOT = iphoneos;
				SWIFT_COMPILATION_MODE = wholemodule;
				SWIFT_OPTIMIZATION_LEVEL = "-O";
				VALIDATE_PRODUCT = YES;
			};
			name = Release;
		};
		2A48FC9127F70F1F00EEE8F6 /* Debug */ = {
			isa = XCBuildConfiguration;
			buildSettings = {
				ASSETCATALOG_COMPILER_APPICON_NAME = AppIcon;
				ASSETCATALOG_COMPILER_GLOBAL_ACCENT_COLOR_NAME = AccentColor;
				CODE_SIGN_STYLE = Automatic;
				CURRENT_PROJECT_VERSION = 1;
				DEVELOPMENT_TEAM = GFYP7LM835;
				GENERATE_INFOPLIST_FILE = YES;
				INFOPLIST_FILE = CrypStock/Info.plist;
				INFOPLIST_KEY_UIApplicationSupportsIndirectInputEvents = YES;
				INFOPLIST_KEY_UILaunchStoryboardName = LaunchScreen;
				INFOPLIST_KEY_UIMainStoryboardFile = Main;
				INFOPLIST_KEY_UISupportedInterfaceOrientations_iPad = "UIInterfaceOrientationPortrait UIInterfaceOrientationPortraitUpsideDown UIInterfaceOrientationLandscapeLeft UIInterfaceOrientationLandscapeRight";
				INFOPLIST_KEY_UISupportedInterfaceOrientations_iPhone = "UIInterfaceOrientationPortrait UIInterfaceOrientationLandscapeLeft UIInterfaceOrientationLandscapeRight";
				LD_RUNPATH_SEARCH_PATHS = (
					"$(inherited)",
					"@executable_path/Frameworks",
				);
				MARKETING_VERSION = 1.0;
				PRODUCT_BUNDLE_IDENTIFIER = kapilshanbhag.CrypStock;
				PRODUCT_NAME = "$(TARGET_NAME)";
				SWIFT_EMIT_LOC_STRINGS = YES;
				SWIFT_VERSION = 5.0;
				TARGETED_DEVICE_FAMILY = "1,2";
			};
			name = Debug;
		};
		2A48FC9227F70F1F00EEE8F6 /* Release */ = {
			isa = XCBuildConfiguration;
			buildSettings = {
				ASSETCATALOG_COMPILER_APPICON_NAME = AppIcon;
				ASSETCATALOG_COMPILER_GLOBAL_ACCENT_COLOR_NAME = AccentColor;
				CODE_SIGN_STYLE = Automatic;
				CURRENT_PROJECT_VERSION = 1;
				DEVELOPMENT_TEAM = GFYP7LM835;
				GENERATE_INFOPLIST_FILE = YES;
				INFOPLIST_FILE = CrypStock/Info.plist;
				INFOPLIST_KEY_UIApplicationSupportsIndirectInputEvents = YES;
				INFOPLIST_KEY_UILaunchStoryboardName = LaunchScreen;
				INFOPLIST_KEY_UIMainStoryboardFile = Main;
				INFOPLIST_KEY_UISupportedInterfaceOrientations_iPad = "UIInterfaceOrientationPortrait UIInterfaceOrientationPortraitUpsideDown UIInterfaceOrientationLandscapeLeft UIInterfaceOrientationLandscapeRight";
				INFOPLIST_KEY_UISupportedInterfaceOrientations_iPhone = "UIInterfaceOrientationPortrait UIInterfaceOrientationLandscapeLeft UIInterfaceOrientationLandscapeRight";
				LD_RUNPATH_SEARCH_PATHS = (
					"$(inherited)",
					"@executable_path/Frameworks",
				);
				MARKETING_VERSION = 1.0;
				PRODUCT_BUNDLE_IDENTIFIER = kapilshanbhag.CrypStock;
				PRODUCT_NAME = "$(TARGET_NAME)";
				SWIFT_EMIT_LOC_STRINGS = YES;
				SWIFT_VERSION = 5.0;
				TARGETED_DEVICE_FAMILY = "1,2";
			};
			name = Release;
		};
		2A48FC9427F70F1F00EEE8F6 /* Debug */ = {
			isa = XCBuildConfiguration;
			buildSettings = {
				ALWAYS_EMBED_SWIFT_STANDARD_LIBRARIES = YES;
				BUNDLE_LOADER = "$(TEST_HOST)";
				CODE_SIGN_STYLE = Automatic;
				CURRENT_PROJECT_VERSION = 1;
				DEVELOPMENT_TEAM = GFYP7LM835;
				GENERATE_INFOPLIST_FILE = YES;
				IPHONEOS_DEPLOYMENT_TARGET = 15.4;
				MARKETING_VERSION = 1.0;
				PRODUCT_BUNDLE_IDENTIFIER = kapilshanbhag.CrypStockTests;
				PRODUCT_NAME = "$(TARGET_NAME)";
				SWIFT_EMIT_LOC_STRINGS = NO;
				SWIFT_VERSION = 5.0;
				TARGETED_DEVICE_FAMILY = "1,2";
				TEST_HOST = "$(BUILT_PRODUCTS_DIR)/CrypStock.app/CrypStock";
			};
			name = Debug;
		};
		2A48FC9527F70F1F00EEE8F6 /* Release */ = {
			isa = XCBuildConfiguration;
			buildSettings = {
				ALWAYS_EMBED_SWIFT_STANDARD_LIBRARIES = YES;
				BUNDLE_LOADER = "$(TEST_HOST)";
				CODE_SIGN_STYLE = Automatic;
				CURRENT_PROJECT_VERSION = 1;
				DEVELOPMENT_TEAM = GFYP7LM835;
				GENERATE_INFOPLIST_FILE = YES;
				IPHONEOS_DEPLOYMENT_TARGET = 15.4;
				MARKETING_VERSION = 1.0;
				PRODUCT_BUNDLE_IDENTIFIER = kapilshanbhag.CrypStockTests;
				PRODUCT_NAME = "$(TARGET_NAME)";
				SWIFT_EMIT_LOC_STRINGS = NO;
				SWIFT_VERSION = 5.0;
				TARGETED_DEVICE_FAMILY = "1,2";
				TEST_HOST = "$(BUILT_PRODUCTS_DIR)/CrypStock.app/CrypStock";
			};
			name = Release;
		};
		2A48FC9727F70F1F00EEE8F6 /* Debug */ = {
			isa = XCBuildConfiguration;
			buildSettings = {
				ALWAYS_EMBED_SWIFT_STANDARD_LIBRARIES = YES;
				CODE_SIGN_STYLE = Automatic;
				CURRENT_PROJECT_VERSION = 1;
				DEVELOPMENT_TEAM = GFYP7LM835;
				GENERATE_INFOPLIST_FILE = YES;
				MARKETING_VERSION = 1.0;
				PRODUCT_BUNDLE_IDENTIFIER = kapilshanbhag.CrypStockUITests;
				PRODUCT_NAME = "$(TARGET_NAME)";
				SWIFT_EMIT_LOC_STRINGS = NO;
				SWIFT_VERSION = 5.0;
				TARGETED_DEVICE_FAMILY = "1,2";
				TEST_TARGET_NAME = CrypStock;
			};
			name = Debug;
		};
		2A48FC9827F70F1F00EEE8F6 /* Release */ = {
			isa = XCBuildConfiguration;
			buildSettings = {
				ALWAYS_EMBED_SWIFT_STANDARD_LIBRARIES = YES;
				CODE_SIGN_STYLE = Automatic;
				CURRENT_PROJECT_VERSION = 1;
				DEVELOPMENT_TEAM = GFYP7LM835;
				GENERATE_INFOPLIST_FILE = YES;
				MARKETING_VERSION = 1.0;
				PRODUCT_BUNDLE_IDENTIFIER = kapilshanbhag.CrypStockUITests;
				PRODUCT_NAME = "$(TARGET_NAME)";
				SWIFT_EMIT_LOC_STRINGS = NO;
				SWIFT_VERSION = 5.0;
				TARGETED_DEVICE_FAMILY = "1,2";
				TEST_TARGET_NAME = CrypStock;
			};
			name = Release;
		};
/* End XCBuildConfiguration section */

/* Begin XCConfigurationList section */
		2A48FC6127F70F1E00EEE8F6 /* Build configuration list for PBXProject "CrypStock" */ = {
			isa = XCConfigurationList;
			buildConfigurations = (
				2A48FC8E27F70F1F00EEE8F6 /* Debug */,
				2A48FC8F27F70F1F00EEE8F6 /* Release */,
			);
			defaultConfigurationIsVisible = 0;
			defaultConfigurationName = Release;
		};
		2A48FC9027F70F1F00EEE8F6 /* Build configuration list for PBXNativeTarget "CrypStock" */ = {
			isa = XCConfigurationList;
			buildConfigurations = (
				2A48FC9127F70F1F00EEE8F6 /* Debug */,
				2A48FC9227F70F1F00EEE8F6 /* Release */,
			);
			defaultConfigurationIsVisible = 0;
			defaultConfigurationName = Release;
		};
		2A48FC9327F70F1F00EEE8F6 /* Build configuration list for PBXNativeTarget "CrypStockTests" */ = {
			isa = XCConfigurationList;
			buildConfigurations = (
				2A48FC9427F70F1F00EEE8F6 /* Debug */,
				2A48FC9527F70F1F00EEE8F6 /* Release */,
			);
			defaultConfigurationIsVisible = 0;
			defaultConfigurationName = Release;
		};
		2A48FC9627F70F1F00EEE8F6 /* Build configuration list for PBXNativeTarget "CrypStockUITests" */ = {
			isa = XCConfigurationList;
			buildConfigurations = (
				2A48FC9727F70F1F00EEE8F6 /* Debug */,
				2A48FC9827F70F1F00EEE8F6 /* Release */,
			);
			defaultConfigurationIsVisible = 0;
			defaultConfigurationName = Release;
		};
/* End XCConfigurationList section */
	};
	rootObject = 2A48FC5E27F70F1E00EEE8F6 /* Project object */;
}
